
Microsoft Visual Studio Solution File, Format Version 12.00
# Visual Studio Version 17
VisualStudioVersion = 17.8.34322.80
MinimumVisualStudioVersion = 10.0.40219.1
Project("{FAE04EC0-301F-11D3-BF4B-00C04F79EFBC}") = "ConsolePacman", "ConsolePacman.csproj", "{6525E6AB-D84D-4733-9138-322B3B1E4F5B}"
EndProject
Global
	GlobalSection(SolutionConfigurationPlatforms) = preSolution
		Debug|Any CPU = Debug|Any CPU
		Release|Any CPU = Release|Any CPU
	EndGlobalSection
	GlobalSection(ProjectConfigurationPlatforms) = postSolution
		{6525E6AB-D84D-4733-9138-322B3B1E4F5B}.Debug|Any CPU.ActiveCfg = Debug|Any CPU
		{6525E6AB-D84D-4733-9138-322B3B1E4F5B}.Debug|Any CPU.Build.0 = Debug|Any CPU
		{6525E6AB-D84D-4733-9138-322B3B1E4F5B}.Release|Any CPU.ActiveCfg = Release|Any CPU
		{6525E6AB-D84D-4733-9138-322B3B1E4F5B}.Release|Any CPU.Build.0 = Release|Any CPU
	EndGlobalSection
	GlobalSection(SolutionProperties) = preSolution
		HideSolutionNode = FALSE
	EndGlobalSection
	GlobalSection(ExtensibilityGlobals) = postSolution
		SolutionGuid = {4C188BFD-E29F-4B26-BA7E-0AE8659508F5}
	EndGlobalSection
EndGlobal
